
Microsoft Visual Studio Solution File, Format Version 12.00
# Visual Studio Version 18
VisualStudioVersion = 18.4.11612.150 stable
MinimumVisualStudioVersion = 10.0.40219.1
Project("{F184B08F-C81C-45F6-A57F-5ABD9991F28F}") = "Convert Word to PDF FacturX file", "Convert Word to PDF FacturX file.vbproj", "{918F1611-F232-115D-3F4C-06457DE26586}"
EndProject
Global
	GlobalSection(SolutionConfigurationPlatforms) = preSolution
		Debug|Any CPU = Debug|Any CPU
		Release|Any CPU = Release|Any CPU
	EndGlobalSection
	GlobalSection(ProjectConfigurationPlatforms) = postSolution
		{918F1611-F232-115D-3F4C-06457DE26586}.Debug|Any CPU.ActiveCfg = Debug|Any CPU
		{918F1611-F232-115D-3F4C-06457DE26586}.Debug|Any CPU.Build.0 = Debug|Any CPU
		{918F1611-F232-115D-3F4C-06457DE26586}.Release|Any CPU.ActiveCfg = Release|Any CPU
		{918F1611-F232-115D-3F4C-06457DE26586}.Release|Any CPU.Build.0 = Release|Any CPU
	EndGlobalSection
	GlobalSection(SolutionProperties) = preSolution
		HideSolutionNode = FALSE
	EndGlobalSection
	GlobalSection(ExtensibilityGlobals) = postSolution
		SolutionGuid = {20A4227D-29C8-41F4-9DE7-E95E45023959}
	EndGlobalSection
EndGlobal
