
Microsoft Visual Studio Solution File, Format Version 12.00
# Visual Studio Version 17
VisualStudioVersion = 17.12.35514.174 d17.12
MinimumVisualStudioVersion = 10.0.40219.1
Project("{FAE04EC0-301F-11D3-BF4B-00C04F79EFBC}") = "Add Table in Header&Footer", "Add Table in Header&Footer.csproj", "{89A229F9-F407-40A8-9AC7-A980EAF6AC69}"
EndProject
Global
	GlobalSection(SolutionConfigurationPlatforms) = preSolution
		Debug|Any CPU = Debug|Any CPU
		Release|Any CPU = Release|Any CPU
	EndGlobalSection
	GlobalSection(ProjectConfigurationPlatforms) = postSolution
		{89A229F9-F407-40A8-9AC7-A980EAF6AC69}.Debug|Any CPU.ActiveCfg = Debug|Any CPU
		{89A229F9-F407-40A8-9AC7-A980EAF6AC69}.Debug|Any CPU.Build.0 = Debug|Any CPU
		{89A229F9-F407-40A8-9AC7-A980EAF6AC69}.Release|Any CPU.ActiveCfg = Release|Any CPU
		{89A229F9-F407-40A8-9AC7-A980EAF6AC69}.Release|Any CPU.Build.0 = Release|Any CPU
	EndGlobalSection
	GlobalSection(SolutionProperties) = preSolution
		HideSolutionNode = FALSE
	EndGlobalSection
EndGlobal
