
Microsoft Visual Studio Solution File, Format Version 12.00
# Visual Studio Version 17
VisualStudioVersion = 17.14.36310.24 d17.14
MinimumVisualStudioVersion = 10.0.40219.1
Project("{F184B08F-C81C-45F6-A57F-5ABD9991F28F}") = "Read content from DB", "Read content from DB.vbproj", "{5C51223D-11CB-4233-B7FC-F77FE6FA3E79}"
EndProject
Global
	GlobalSection(SolutionConfigurationPlatforms) = preSolution
		Debug|Any CPU = Debug|Any CPU
		Release|Any CPU = Release|Any CPU
	EndGlobalSection
	GlobalSection(ProjectConfigurationPlatforms) = postSolution
		{5C51223D-11CB-4233-B7FC-F77FE6FA3E79}.Debug|Any CPU.ActiveCfg = Debug|Any CPU
		{5C51223D-11CB-4233-B7FC-F77FE6FA3E79}.Debug|Any CPU.Build.0 = Debug|Any CPU
		{5C51223D-11CB-4233-B7FC-F77FE6FA3E79}.Release|Any CPU.ActiveCfg = Release|Any CPU
		{5C51223D-11CB-4233-B7FC-F77FE6FA3E79}.Release|Any CPU.Build.0 = Release|Any CPU
	EndGlobalSection
	GlobalSection(SolutionProperties) = preSolution
		HideSolutionNode = FALSE
	EndGlobalSection
	GlobalSection(ExtensibilityGlobals) = postSolution
		SolutionGuid = {744D9CC1-51FF-4F3A-A853-75E5A78F0E95}
	EndGlobalSection
EndGlobal
