
Microsoft Visual Studio Solution File, Format Version 12.00
# Visual Studio Version 17
VisualStudioVersion = 17.8.34525.116
MinimumVisualStudioVersion = 10.0.40219.1
Project("{FAE04EC0-301F-11D3-BF4B-00C04F79EFBC}") = "How to map image to a full page", "How to map image to a full page.csproj", "{BDC54A57-06C6-4C01-B9D4-33774A8150B8}"
EndProject
Global
	GlobalSection(SolutionConfigurationPlatforms) = preSolution
		Debug|Any CPU = Debug|Any CPU
		Release|Any CPU = Release|Any CPU
	EndGlobalSection
	GlobalSection(ProjectConfigurationPlatforms) = postSolution
		{BDC54A57-06C6-4C01-B9D4-33774A8150B8}.Debug|Any CPU.ActiveCfg = Debug|Any CPU
		{BDC54A57-06C6-4C01-B9D4-33774A8150B8}.Debug|Any CPU.Build.0 = Debug|Any CPU
		{BDC54A57-06C6-4C01-B9D4-33774A8150B8}.Release|Any CPU.ActiveCfg = Release|Any CPU
		{BDC54A57-06C6-4C01-B9D4-33774A8150B8}.Release|Any CPU.Build.0 = Release|Any CPU
	EndGlobalSection
	GlobalSection(SolutionProperties) = preSolution
		HideSolutionNode = FALSE
	EndGlobalSection
	GlobalSection(ExtensibilityGlobals) = postSolution
		SolutionGuid = {DF2405AF-96E8-43EC-A766-A5EDC6C224E3}
	EndGlobalSection
EndGlobal
